
Microsoft Visual Studio Solution File, Format Version 12.00
# Visual Studio Version 17
VisualStudioVersion = 17.3.32929.385
MinimumVisualStudioVersion = 10.0.40219.1
Project("{FAE04EC0-301F-11D3-BF4B-00C04F79EFBC}") = "QuanLyCaFe", "QuanLyCaFe\QuanLyCaFe.csproj", "{45851B29-40FB-43AE-9185-776D90CD5F6B}"
EndProject
Global
	GlobalSection(SolutionConfigurationPlatforms) = preSolution
		Debug|Any CPU = Debug|Any CPU
		Release|Any CPU = Release|Any CPU
	EndGlobalSection
	GlobalSection(ProjectConfigurationPlatforms) = postSolution
		{45851B29-40FB-43AE-9185-776D90CD5F6B}.Debug|Any CPU.ActiveCfg = Debug|Any CPU
		{45851B29-40FB-43AE-9185-776D90CD5F6B}.Debug|Any CPU.Build.0 = Debug|Any CPU
		{45851B29-40FB-43AE-9185-776D90CD5F6B}.Release|Any CPU.ActiveCfg = Release|Any CPU
		{45851B29-40FB-43AE-9185-776D90CD5F6B}.Release|Any CPU.Build.0 = Release|Any CPU
	EndGlobalSection
	GlobalSection(SolutionProperties) = preSolution
		HideSolutionNode = FALSE
	EndGlobalSection
	GlobalSection(ExtensibilityGlobals) = postSolution
		SolutionGuid = {BDE412D2-80E8-43CB-9A02-00173873EE99}
	EndGlobalSection
EndGlobal
